
Microsoft Visual Studio Solution File, Format Version 12.00
Project("{FAE04EC0-301F-11D3-BF4B-00C04F79EFBC}") = "DoggoApp", "DoggoApp\DoggoApp.csproj", "{846D927D-A0B5-4C90-A533-121185393009}"
EndProject
Project("{FAE04EC0-301F-11D3-BF4B-00C04F79EFBC}") = "DoggoApp.Tests", "DoggoApp.Tests\DoggoApp.Tests.csproj", "{BFE9EB30-04F0-45DC-8D5F-91F874ADB15E}"
EndProject
Global
	GlobalSection(SolutionConfigurationPlatforms) = preSolution
		Debug|Any CPU = Debug|Any CPU
		Release|Any CPU = Release|Any CPU
	EndGlobalSection
	GlobalSection(ProjectConfigurationPlatforms) = postSolution
		{846D927D-A0B5-4C90-A533-121185393009}.Debug|Any CPU.ActiveCfg = Debug|Any CPU
		{846D927D-A0B5-4C90-A533-121185393009}.Debug|Any CPU.Build.0 = Debug|Any CPU
		{846D927D-A0B5-4C90-A533-121185393009}.Release|Any CPU.ActiveCfg = Release|Any CPU
		{846D927D-A0B5-4C90-A533-121185393009}.Release|Any CPU.Build.0 = Release|Any CPU
		{BFE9EB30-04F0-45DC-8D5F-91F874ADB15E}.Debug|Any CPU.ActiveCfg = Debug|Any CPU
		{BFE9EB30-04F0-45DC-8D5F-91F874ADB15E}.Debug|Any CPU.Build.0 = Debug|Any CPU
		{BFE9EB30-04F0-45DC-8D5F-91F874ADB15E}.Release|Any CPU.ActiveCfg = Release|Any CPU
		{BFE9EB30-04F0-45DC-8D5F-91F874ADB15E}.Release|Any CPU.Build.0 = Release|Any CPU
	EndGlobalSection
EndGlobal
